
Microsoft Visual Studio Solution File, Format Version 12.00
# Visual Studio Version 17
VisualStudioVersion = 17.8.34309.116
MinimumVisualStudioVersion = 10.0.40219.1
Project("{9A19103F-16F7-4668-BE54-9A1E7A4F7556}") = "PinguApps.Blazor.QRCode", "PinguApps.Blazor.QRCode\PinguApps.Blazor.QRCode.csproj", "{CC6DE46A-E2B5-4176-BC53-3201450F5819}"
EndProject
Project("{FAE04EC0-301F-11D3-BF4B-00C04F79EFBC}") = "BlazorWasmNet6", "BlazorWasmNet6\BlazorWasmNet6.csproj", "{5EE153D8-9BB9-4F37-BB6A-3FE240C01DC3}"
EndProject
Project("{FAE04EC0-301F-11D3-BF4B-00C04F79EFBC}") = "BlazorAutoNet8", "BlazorAutoNet8\BlazorAutoNet8\BlazorAutoNet8.csproj", "{F2467481-E08D-4582-BF6B-AA7474D50C95}"
EndProject
Project("{FAE04EC0-301F-11D3-BF4B-00C04F79EFBC}") = "BlazorAutoNet8.Client", "BlazorAutoNet8\BlazorAutoNet8.Client\BlazorAutoNet8.Client.csproj", "{5B01829E-EB84-4827-810D-D11AC9B02C01}"
EndProject
Global
	GlobalSection(SolutionConfigurationPlatforms) = preSolution
		Debug|Any CPU = Debug|Any CPU
		Release|Any CPU = Release|Any CPU
	EndGlobalSection
	GlobalSection(ProjectConfigurationPlatforms) = postSolution
		{CC6DE46A-E2B5-4176-BC53-3201450F5819}.Debug|Any CPU.ActiveCfg = Debug|Any CPU
		{CC6DE46A-E2B5-4176-BC53-3201450F5819}.Debug|Any CPU.Build.0 = Debug|Any CPU
		{CC6DE46A-E2B5-4176-BC53-3201450F5819}.Release|Any CPU.ActiveCfg = Release|Any CPU
		{CC6DE46A-E2B5-4176-BC53-3201450F5819}.Release|Any CPU.Build.0 = Release|Any CPU
		{5EE153D8-9BB9-4F37-BB6A-3FE240C01DC3}.Debug|Any CPU.ActiveCfg = Debug|Any CPU
		{5EE153D8-9BB9-4F37-BB6A-3FE240C01DC3}.Debug|Any CPU.Build.0 = Debug|Any CPU
		{5EE153D8-9BB9-4F37-BB6A-3FE240C01DC3}.Release|Any CPU.ActiveCfg = Release|Any CPU
		{5EE153D8-9BB9-4F37-BB6A-3FE240C01DC3}.Release|Any CPU.Build.0 = Release|Any CPU
		{F2467481-E08D-4582-BF6B-AA7474D50C95}.Debug|Any CPU.ActiveCfg = Debug|Any CPU
		{F2467481-E08D-4582-BF6B-AA7474D50C95}.Debug|Any CPU.Build.0 = Debug|Any CPU
		{F2467481-E08D-4582-BF6B-AA7474D50C95}.Release|Any CPU.ActiveCfg = Release|Any CPU
		{F2467481-E08D-4582-BF6B-AA7474D50C95}.Release|Any CPU.Build.0 = Release|Any CPU
		{5B01829E-EB84-4827-810D-D11AC9B02C01}.Debug|Any CPU.ActiveCfg = Debug|Any CPU
		{5B01829E-EB84-4827-810D-D11AC9B02C01}.Debug|Any CPU.Build.0 = Debug|Any CPU
		{5B01829E-EB84-4827-810D-D11AC9B02C01}.Release|Any CPU.ActiveCfg = Release|Any CPU
		{5B01829E-EB84-4827-810D-D11AC9B02C01}.Release|Any CPU.Build.0 = Release|Any CPU
	EndGlobalSection
	GlobalSection(SolutionProperties) = preSolution
		HideSolutionNode = FALSE
	EndGlobalSection
	GlobalSection(ExtensibilityGlobals) = postSolution
		SolutionGuid = {AEF39732-B86D-4A8B-B74E-562E3C43BEDD}
	EndGlobalSection
EndGlobal
