
Microsoft Visual Studio Solution File, Format Version 12.00
# Visual Studio Version 17
VisualStudioVersion = 17.8.34309.116
MinimumVisualStudioVersion = 10.0.40219.1
Project("{FAE04EC0-301F-11D3-BF4B-00C04F79EFBC}") = "PinguApps.Blazor.QRCode", "PinguApps.Blazor.QRCode\PinguApps.Blazor.QRCode.csproj", "{CC6DE46A-E2B5-4176-BC53-3201450F5819}"
EndProject
Global
	GlobalSection(SolutionConfigurationPlatforms) = preSolution
		Debug|Any CPU = Debug|Any CPU
		Release|Any CPU = Release|Any CPU
	EndGlobalSection
	GlobalSection(ProjectConfigurationPlatforms) = postSolution
		{CC6DE46A-E2B5-4176-BC53-3201450F5819}.Debug|Any CPU.ActiveCfg = Debug|Any CPU
		{CC6DE46A-E2B5-4176-BC53-3201450F5819}.Debug|Any CPU.Build.0 = Debug|Any CPU
		{CC6DE46A-E2B5-4176-BC53-3201450F5819}.Release|Any CPU.ActiveCfg = Release|Any CPU
		{CC6DE46A-E2B5-4176-BC53-3201450F5819}.Release|Any CPU.Build.0 = Release|Any CPU
	EndGlobalSection
	GlobalSection(SolutionProperties) = preSolution
		HideSolutionNode = FALSE
	EndGlobalSection
	GlobalSection(ExtensibilityGlobals) = postSolution
		SolutionGuid = {AEF39732-B86D-4A8B-B74E-562E3C43BEDD}
	EndGlobalSection
EndGlobal
